
Microsoft Visual Studio Solution File, Format Version 12.00
# Visual Studio Version 17
VisualStudioVersion = 17.2.32630.192
MinimumVisualStudioVersion = 10.0.40219.1
Project("{FAE04EC0-301F-11D3-BF4B-00C04F79EFBC}") = "lubo", "lubo\lubo.csproj", "{BE70DC5B-4D03-4BBE-AB44-241E9FE3FFEC}"
EndProject
Global
	GlobalSection(SolutionConfigurationPlatforms) = preSolution
		Debug|Any CPU = Debug|Any CPU
		Release|Any CPU = Release|Any CPU
	EndGlobalSection
	GlobalSection(ProjectConfigurationPlatforms) = postSolution
		{BE70DC5B-4D03-4BBE-AB44-241E9FE3FFEC}.Debug|Any CPU.ActiveCfg = Debug|Any CPU
		{BE70DC5B-4D03-4BBE-AB44-241E9FE3FFEC}.Debug|Any CPU.Build.0 = Debug|Any CPU
		{BE70DC5B-4D03-4BBE-AB44-241E9FE3FFEC}.Release|Any CPU.ActiveCfg = Release|Any CPU
		{BE70DC5B-4D03-4BBE-AB44-241E9FE3FFEC}.Release|Any CPU.Build.0 = Release|Any CPU
	EndGlobalSection
	GlobalSection(SolutionProperties) = preSolution
		HideSolutionNode = FALSE
	EndGlobalSection
	GlobalSection(ExtensibilityGlobals) = postSolution
		SolutionGuid = {05FCE3BF-3CC0-4A83-8105-FC8A8B185F7A}
	EndGlobalSection
EndGlobal
