
Microsoft Visual Studio Solution File, Format Version 12.00
# Visual Studio Version 17
VisualStudioVersion = 17.2.32630.192
MinimumVisualStudioVersion = 10.0.40219.1
Project("{FAE04EC0-301F-11D3-BF4B-00C04F79EFBC}") = "class Animal", "class Animal\class Animal.csproj", "{A6DEB1AC-200A-4C0B-A8BA-53F7B92ABAD0}"
EndProject
Global
	GlobalSection(SolutionConfigurationPlatforms) = preSolution
		Debug|Any CPU = Debug|Any CPU
		Release|Any CPU = Release|Any CPU
	EndGlobalSection
	GlobalSection(ProjectConfigurationPlatforms) = postSolution
		{A6DEB1AC-200A-4C0B-A8BA-53F7B92ABAD0}.Debug|Any CPU.ActiveCfg = Debug|Any CPU
		{A6DEB1AC-200A-4C0B-A8BA-53F7B92ABAD0}.Debug|Any CPU.Build.0 = Debug|Any CPU
		{A6DEB1AC-200A-4C0B-A8BA-53F7B92ABAD0}.Release|Any CPU.ActiveCfg = Release|Any CPU
		{A6DEB1AC-200A-4C0B-A8BA-53F7B92ABAD0}.Release|Any CPU.Build.0 = Release|Any CPU
	EndGlobalSection
	GlobalSection(SolutionProperties) = preSolution
		HideSolutionNode = FALSE
	EndGlobalSection
	GlobalSection(ExtensibilityGlobals) = postSolution
		SolutionGuid = {42258DE3-B4EC-48E8-8CD4-881381A4ADB3}
	EndGlobalSection
EndGlobal
