
Microsoft Visual Studio Solution File, Format Version 12.00
# Visual Studio Version 17
VisualStudioVersion = 17.2.32630.192
MinimumVisualStudioVersion = 10.0.40219.1
Project("{FAE04EC0-301F-11D3-BF4B-00C04F79EFBC}") = "pechatnica", "pechatnica\pechatnica.csproj", "{6867A79B-0543-4374-8758-9FC8594E049A}"
EndProject
Global
	GlobalSection(SolutionConfigurationPlatforms) = preSolution
		Debug|Any CPU = Debug|Any CPU
		Release|Any CPU = Release|Any CPU
	EndGlobalSection
	GlobalSection(ProjectConfigurationPlatforms) = postSolution
		{6867A79B-0543-4374-8758-9FC8594E049A}.Debug|Any CPU.ActiveCfg = Debug|Any CPU
		{6867A79B-0543-4374-8758-9FC8594E049A}.Debug|Any CPU.Build.0 = Debug|Any CPU
		{6867A79B-0543-4374-8758-9FC8594E049A}.Release|Any CPU.ActiveCfg = Release|Any CPU
		{6867A79B-0543-4374-8758-9FC8594E049A}.Release|Any CPU.Build.0 = Release|Any CPU
	EndGlobalSection
	GlobalSection(SolutionProperties) = preSolution
		HideSolutionNode = FALSE
	EndGlobalSection
	GlobalSection(ExtensibilityGlobals) = postSolution
		SolutionGuid = {DBD6AB74-0BCF-49C1-B116-EB882A783C0B}
	EndGlobalSection
EndGlobal
