
Microsoft Visual Studio Solution File, Format Version 12.00
# Visual Studio Version 17
VisualStudioVersion = 17.2.32630.192
MinimumVisualStudioVersion = 10.0.40219.1
Project("{FAE04EC0-301F-11D3-BF4B-00C04F79EFBC}") = "Жители на Община", "Жители на Община\Жители на Община.csproj", "{F13B8AD3-F185-4EE2-AAC9-08315CE980EF}"
EndProject
Global
	GlobalSection(SolutionConfigurationPlatforms) = preSolution
		Debug|Any CPU = Debug|Any CPU
		Release|Any CPU = Release|Any CPU
	EndGlobalSection
	GlobalSection(ProjectConfigurationPlatforms) = postSolution
		{F13B8AD3-F185-4EE2-AAC9-08315CE980EF}.Debug|Any CPU.ActiveCfg = Debug|Any CPU
		{F13B8AD3-F185-4EE2-AAC9-08315CE980EF}.Debug|Any CPU.Build.0 = Debug|Any CPU
		{F13B8AD3-F185-4EE2-AAC9-08315CE980EF}.Release|Any CPU.ActiveCfg = Release|Any CPU
		{F13B8AD3-F185-4EE2-AAC9-08315CE980EF}.Release|Any CPU.Build.0 = Release|Any CPU
	EndGlobalSection
	GlobalSection(SolutionProperties) = preSolution
		HideSolutionNode = FALSE
	EndGlobalSection
	GlobalSection(ExtensibilityGlobals) = postSolution
		SolutionGuid = {5ADF6FA0-74A4-4325-89D0-A78BE5743166}
	EndGlobalSection
EndGlobal
